// !$*UTF8*$!
{
	archiveVersion = 1;
	classes = {
	};
	objectVersion = 50;
	objects = {

/* Begin PBXBuildFile section */
		286B18832517B7E400D30546 /* DrinkingGamesApp.swift in Sources */ = {isa = PBXBuildFile; fileRef = 286B18822517B7E400D30546 /* DrinkingGamesApp.swift */; };
		286B18852517B7E400D30546 /* ContentView.swift in Sources */ = {isa = PBXBuildFile; fileRef = 286B18842517B7E400D30546 /* ContentView.swift */; };
		286B18872517B7E400D30546 /* Assets.xcassets in Resources */ = {isa = PBXBuildFile; fileRef = 286B18862517B7E400D30546 /* Assets.xcassets */; };
		286B188A2517B7E400D30546 /* Preview Assets.xcassets in Resources */ = {isa = PBXBuildFile; fileRef = 286B18892517B7E400D30546 /* Preview Assets.xcassets */; };
		286B18952517B7E500D30546 /* DrinkingGamesTests.swift in Sources */ = {isa = PBXBuildFile; fileRef = 286B18942517B7E500D30546 /* DrinkingGamesTests.swift */; };
		286B18A02517B7E500D30546 /* DrinkingGamesUITests.swift in Sources */ = {isa = PBXBuildFile; fileRef = 286B189F2517B7E500D30546 /* DrinkingGamesUITests.swift */; };
		286B18B32517B9BB00D30546 /* ReturnPlayerManagerDelegate.swift in Sources */ = {isa = PBXBuildFile; fileRef = 286B18B22517B9BB00D30546 /* ReturnPlayerManagerDelegate.swift */; };
		286B18BB2517B9DB00D30546 /* LangSelectionDelegate.swift in Sources */ = {isa = PBXBuildFile; fileRef = 286B18BA2517B9DB00D30546 /* LangSelectionDelegate.swift */; };
		286B18C02517B9FF00D30546 /* ButtonActionDelegate.swift in Sources */ = {isa = PBXBuildFile; fileRef = 286B18BF2517B9FF00D30546 /* ButtonActionDelegate.swift */; };
		286B18C92517BA7600D30546 /* PlayerManager.swift in Sources */ = {isa = PBXBuildFile; fileRef = 286B18C82517BA7600D30546 /* PlayerManager.swift */; };
		286B18CF2517BAC600D30546 /* AnchorEx.swift in Sources */ = {isa = PBXBuildFile; fileRef = 286B18CE2517BAC600D30546 /* AnchorEx.swift */; };
		286B18D72517BB6400D30546 /* UIViewEx.swift in Sources */ = {isa = PBXBuildFile; fileRef = 286B18D62517BB6400D30546 /* UIViewEx.swift */; };
		286B18DD2517BBAF00D30546 /* ColorsEn.swift in Sources */ = {isa = PBXBuildFile; fileRef = 286B18DC2517BBAF00D30546 /* ColorsEn.swift */; };
		286B18E22517BD2A00D30546 /* DevicesEn.swift in Sources */ = {isa = PBXBuildFile; fileRef = 286B18E12517BD2A00D30546 /* DevicesEn.swift */; };
		286B18E72517BD9600D30546 /* FontsEn.swift in Sources */ = {isa = PBXBuildFile; fileRef = 286B18E62517BD9600D30546 /* FontsEn.swift */; };
		286B18F42517BDD200D30546 /* FortuneWheelEn.swift in Sources */ = {isa = PBXBuildFile; fileRef = 286B18F32517BDD200D30546 /* FortuneWheelEn.swift */; };
		286B18FA2517BE1400D30546 /* NeverMindGameEn.swift in Sources */ = {isa = PBXBuildFile; fileRef = 286B18F92517BE1400D30546 /* NeverMindGameEn.swift */; };
		286B18FF2517BE3500D30546 /* NeverMindRoundEn.swift in Sources */ = {isa = PBXBuildFile; fileRef = 286B18FE2517BE3500D30546 /* NeverMindRoundEn.swift */; };
		286B19072517BEA600D30546 /* LanguagesEn.swift in Sources */ = {isa = PBXBuildFile; fileRef = 286B19062517BEA600D30546 /* LanguagesEn.swift */; };
		286B190C2517BEE200D30546 /* NeverMindModeEn.swift in Sources */ = {isa = PBXBuildFile; fileRef = 286B190B2517BEE200D30546 /* NeverMindModeEn.swift */; };
		286B19132517C05900D30546 /* UserDefaultsCo.swift in Sources */ = {isa = PBXBuildFile; fileRef = 286B19122517C05900D30546 /* UserDefaultsCo.swift */; };
		286B19182517C06A00D30546 /* DeviceAttributesCo.swift in Sources */ = {isa = PBXBuildFile; fileRef = 286B19172517C06A00D30546 /* DeviceAttributesCo.swift */; };
		286B191D2517C08300D30546 /* ReuseIdentifiersCo.swift in Sources */ = {isa = PBXBuildFile; fileRef = 286B191C2517C08300D30546 /* ReuseIdentifiersCo.swift */; };
		286B193A2517C5E000D30546 /* PulseAn.swift in Sources */ = {isa = PBXBuildFile; fileRef = 286B19392517C5E000D30546 /* PulseAn.swift */; };
/* End PBXBuildFile section */

/* Begin PBXContainerItemProxy section */
		286B18912517B7E500D30546 /* PBXContainerItemProxy */ = {
			isa = PBXContainerItemProxy;
			containerPortal = 286B18772517B7E400D30546 /* Project object */;
			proxyType = 1;
			remoteGlobalIDString = 286B187E2517B7E400D30546;
			remoteInfo = DrinkingGames;
		};
		286B189C2517B7E500D30546 /* PBXContainerItemProxy */ = {
			isa = PBXContainerItemProxy;
			containerPortal = 286B18772517B7E400D30546 /* Project object */;
			proxyType = 1;
			remoteGlobalIDString = 286B187E2517B7E400D30546;
			remoteInfo = DrinkingGames;
		};
/* End PBXContainerItemProxy section */

/* Begin PBXFileReference section */
		286B187F2517B7E400D30546 /* DrinkingGames.app */ = {isa = PBXFileReference; explicitFileType = wrapper.application; includeInIndex = 0; path = DrinkingGames.app; sourceTree = BUILT_PRODUCTS_DIR; };
		286B18822517B7E400D30546 /* DrinkingGamesApp.swift */ = {isa = PBXFileReference; lastKnownFileType = sourcecode.swift; path = DrinkingGamesApp.swift; sourceTree = "<group>"; };
		286B18842517B7E400D30546 /* ContentView.swift */ = {isa = PBXFileReference; lastKnownFileType = sourcecode.swift; path = ContentView.swift; sourceTree = "<group>"; };
		286B18862517B7E400D30546 /* Assets.xcassets */ = {isa = PBXFileReference; lastKnownFileType = folder.assetcatalog; path = Assets.xcassets; sourceTree = "<group>"; };
		286B18892517B7E400D30546 /* Preview Assets.xcassets */ = {isa = PBXFileReference; lastKnownFileType = folder.assetcatalog; path = "Preview Assets.xcassets"; sourceTree = "<group>"; };
		286B188B2517B7E400D30546 /* Info.plist */ = {isa = PBXFileReference; lastKnownFileType = text.plist.xml; path = Info.plist; sourceTree = "<group>"; };
		286B18902517B7E500D30546 /* DrinkingGamesTests.xctest */ = {isa = PBXFileReference; explicitFileType = wrapper.cfbundle; includeInIndex = 0; path = DrinkingGamesTests.xctest; sourceTree = BUILT_PRODUCTS_DIR; };
		286B18942517B7E500D30546 /* DrinkingGamesTests.swift */ = {isa = PBXFileReference; lastKnownFileType = sourcecode.swift; path = DrinkingGamesTests.swift; sourceTree = "<group>"; };
		286B18962517B7E500D30546 /* Info.plist */ = {isa = PBXFileReference; lastKnownFileType = text.plist.xml; path = Info.plist; sourceTree = "<group>"; };
		286B189B2517B7E500D30546 /* DrinkingGamesUITests.xctest */ = {isa = PBXFileReference; explicitFileType = wrapper.cfbundle; includeInIndex = 0; path = DrinkingGamesUITests.xctest; sourceTree = BUILT_PRODUCTS_DIR; };
		286B189F2517B7E500D30546 /* DrinkingGamesUITests.swift */ = {isa = PBXFileReference; lastKnownFileType = sourcecode.swift; path = DrinkingGamesUITests.swift; sourceTree = "<group>"; };
		286B18A12517B7E500D30546 /* Info.plist */ = {isa = PBXFileReference; lastKnownFileType = text.plist.xml; path = Info.plist; sourceTree = "<group>"; };
		286B18B22517B9BB00D30546 /* ReturnPlayerManagerDelegate.swift */ = {isa = PBXFileReference; lastKnownFileType = sourcecode.swift; path = ReturnPlayerManagerDelegate.swift; sourceTree = "<group>"; };
		286B18BA2517B9DB00D30546 /* LangSelectionDelegate.swift */ = {isa = PBXFileReference; lastKnownFileType = sourcecode.swift; path = LangSelectionDelegate.swift; sourceTree = "<group>"; };
		286B18BF2517B9FF00D30546 /* ButtonActionDelegate.swift */ = {isa = PBXFileReference; lastKnownFileType = sourcecode.swift; path = ButtonActionDelegate.swift; sourceTree = "<group>"; };
		286B18C82517BA7600D30546 /* PlayerManager.swift */ = {isa = PBXFileReference; lastKnownFileType = sourcecode.swift; path = PlayerManager.swift; sourceTree = "<group>"; };
		286B18CE2517BAC600D30546 /* AnchorEx.swift */ = {isa = PBXFileReference; lastKnownFileType = sourcecode.swift; path = AnchorEx.swift; sourceTree = "<group>"; };
		286B18D62517BB6400D30546 /* UIViewEx.swift */ = {isa = PBXFileReference; lastKnownFileType = sourcecode.swift; path = UIViewEx.swift; sourceTree = "<group>"; };
		286B18DC2517BBAF00D30546 /* ColorsEn.swift */ = {isa = PBXFileReference; lastKnownFileType = sourcecode.swift; path = ColorsEn.swift; sourceTree = "<group>"; };
		286B18E12517BD2A00D30546 /* DevicesEn.swift */ = {isa = PBXFileReference; lastKnownFileType = sourcecode.swift; path = DevicesEn.swift; sourceTree = "<group>"; };
		286B18E62517BD9600D30546 /* FontsEn.swift */ = {isa = PBXFileReference; lastKnownFileType = sourcecode.swift; path = FontsEn.swift; sourceTree = "<group>"; };
		286B18F32517BDD200D30546 /* FortuneWheelEn.swift */ = {isa = PBXFileReference; lastKnownFileType = sourcecode.swift; path = FortuneWheelEn.swift; sourceTree = "<group>"; };
		286B18F92517BE1400D30546 /* NeverMindGameEn.swift */ = {isa = PBXFileReference; lastKnownFileType = sourcecode.swift; path = NeverMindGameEn.swift; sourceTree = "<group>"; };
		286B18FE2517BE3500D30546 /* NeverMindRoundEn.swift */ = {isa = PBXFileReference; lastKnownFileType = sourcecode.swift; path = NeverMindRoundEn.swift; sourceTree = "<group>"; };
		286B19062517BEA600D30546 /* LanguagesEn.swift */ = {isa = PBXFileReference; lastKnownFileType = sourcecode.swift; path = LanguagesEn.swift; sourceTree = "<group>"; };
		286B190B2517BEE200D30546 /* NeverMindModeEn.swift */ = {isa = PBXFileReference; lastKnownFileType = sourcecode.swift; path = NeverMindModeEn.swift; sourceTree = "<group>"; };
		286B19122517C05900D30546 /* UserDefaultsCo.swift */ = {isa = PBXFileReference; lastKnownFileType = sourcecode.swift; path = UserDefaultsCo.swift; sourceTree = "<group>"; };
		286B19172517C06A00D30546 /* DeviceAttributesCo.swift */ = {isa = PBXFileReference; lastKnownFileType = sourcecode.swift; path = DeviceAttributesCo.swift; sourceTree = "<group>"; };
		286B191C2517C08300D30546 /* ReuseIdentifiersCo.swift */ = {isa = PBXFileReference; lastKnownFileType = sourcecode.swift; path = ReuseIdentifiersCo.swift; sourceTree = "<group>"; };
		286B19392517C5E000D30546 /* PulseAn.swift */ = {isa = PBXFileReference; lastKnownFileType = sourcecode.swift; path = PulseAn.swift; sourceTree = "<group>"; };
/* End PBXFileReference section */

/* Begin PBXFrameworksBuildPhase section */
		286B187C2517B7E400D30546 /* Frameworks */ = {
			isa = PBXFrameworksBuildPhase;
			buildActionMask = 2147483647;
			files = (
			);
			runOnlyForDeploymentPostprocessing = 0;
		};
		286B188D2517B7E500D30546 /* Frameworks */ = {
			isa = PBXFrameworksBuildPhase;
			buildActionMask = 2147483647;
			files = (
			);
			runOnlyForDeploymentPostprocessing = 0;
		};
		286B18982517B7E500D30546 /* Frameworks */ = {
			isa = PBXFrameworksBuildPhase;
			buildActionMask = 2147483647;
			files = (
			);
			runOnlyForDeploymentPostprocessing = 0;
		};
/* End PBXFrameworksBuildPhase section */

/* Begin PBXGroup section */
		286B18762517B7E400D30546 = {
			isa = PBXGroup;
			children = (
				286B18812517B7E400D30546 /* DrinkingGames */,
				286B18932517B7E500D30546 /* DrinkingGamesTests */,
				286B189E2517B7E500D30546 /* DrinkingGamesUITests */,
				286B18802517B7E400D30546 /* Products */,
			);
			sourceTree = "<group>";
		};
		286B18802517B7E400D30546 /* Products */ = {
			isa = PBXGroup;
			children = (
				286B187F2517B7E400D30546 /* DrinkingGames.app */,
				286B18902517B7E500D30546 /* DrinkingGamesTests.xctest */,
				286B189B2517B7E500D30546 /* DrinkingGamesUITests.xctest */,
			);
			name = Products;
			sourceTree = "<group>";
		};
		286B18812517B7E400D30546 /* DrinkingGames */ = {
			isa = PBXGroup;
			children = (
				286B18C72517BA5D00D30546 /* Model */,
				286B18C62517BA5800D30546 /* View */,
				286B18C52517BA5000D30546 /* ViewModel */,
				286B18C42517BA4900D30546 /* Resources */,
				286B18B02517B93500D30546 /* Utils */,
				286B18822517B7E400D30546 /* DrinkingGamesApp.swift */,
				286B18842517B7E400D30546 /* ContentView.swift */,
				286B18882517B7E400D30546 /* Preview Content */,
			);
			path = DrinkingGames;
			sourceTree = "<group>";
		};
		286B18882517B7E400D30546 /* Preview Content */ = {
			isa = PBXGroup;
			children = (
				286B18892517B7E400D30546 /* Preview Assets.xcassets */,
			);
			path = "Preview Content";
			sourceTree = "<group>";
		};
		286B18932517B7E500D30546 /* DrinkingGamesTests */ = {
			isa = PBXGroup;
			children = (
				286B18942517B7E500D30546 /* DrinkingGamesTests.swift */,
				286B18962517B7E500D30546 /* Info.plist */,
			);
			path = DrinkingGamesTests;
			sourceTree = "<group>";
		};
		286B189E2517B7E500D30546 /* DrinkingGamesUITests */ = {
			isa = PBXGroup;
			children = (
				286B189F2517B7E500D30546 /* DrinkingGamesUITests.swift */,
				286B18A12517B7E500D30546 /* Info.plist */,
			);
			path = DrinkingGamesUITests;
			sourceTree = "<group>";
		};
		286B18B02517B93500D30546 /* Utils */ = {
			isa = PBXGroup;
			children = (
				286B19352517C5CC00D30546 /* Animations */,
				286B19112517C04100D30546 /* Constants */,
				286B19102517BF3F00D30546 /* CustomModifiers */,
				286B18DB2517BB9400D30546 /* Enums */,
				286B18CD2517BA9F00D30546 /* Extensions */,
				286B18B12517B96D00D30546 /* Protocls */,
			);
			path = Utils;
			sourceTree = "<group>";
		};
		286B18B12517B96D00D30546 /* Protocls */ = {
			isa = PBXGroup;
			children = (
				286B18B22517B9BB00D30546 /* ReturnPlayerManagerDelegate.swift */,
				286B18BA2517B9DB00D30546 /* LangSelectionDelegate.swift */,
				286B18BF2517B9FF00D30546 /* ButtonActionDelegate.swift */,
			);
			path = Protocls;
			sourceTree = "<group>";
		};
		286B18C42517BA4900D30546 /* Resources */ = {
			isa = PBXGroup;
			children = (
				286B18862517B7E400D30546 /* Assets.xcassets */,
				286B193E2517C5F900D30546 /* Plists */,
			);
			path = Resources;
			sourceTree = "<group>";
		};
		286B18C52517BA5000D30546 /* ViewModel */ = {
			isa = PBXGroup;
			children = (
			);
			path = ViewModel;
			sourceTree = "<group>";
		};
		286B18C62517BA5800D30546 /* View */ = {
			isa = PBXGroup;
			children = (
			);
			path = View;
			sourceTree = "<group>";
		};
		286B18C72517BA5D00D30546 /* Model */ = {
			isa = PBXGroup;
			children = (
				286B18C82517BA7600D30546 /* PlayerManager.swift */,
			);
			path = Model;
			sourceTree = "<group>";
		};
		286B18CD2517BA9F00D30546 /* Extensions */ = {
			isa = PBXGroup;
			children = (
				286B18CE2517BAC600D30546 /* AnchorEx.swift */,
				286B18D62517BB6400D30546 /* UIViewEx.swift */,
			);
			path = Extensions;
			sourceTree = "<group>";
		};
		286B18DB2517BB9400D30546 /* Enums */ = {
			isa = PBXGroup;
			children = (
				286B18DC2517BBAF00D30546 /* ColorsEn.swift */,
				286B18E12517BD2A00D30546 /* DevicesEn.swift */,
				286B18E62517BD9600D30546 /* FontsEn.swift */,
				286B18F32517BDD200D30546 /* FortuneWheelEn.swift */,
				286B19062517BEA600D30546 /* LanguagesEn.swift */,
				286B18F92517BE1400D30546 /* NeverMindGameEn.swift */,
				286B190B2517BEE200D30546 /* NeverMindModeEn.swift */,
				286B18FE2517BE3500D30546 /* NeverMindRoundEn.swift */,
			);
			path = Enums;
			sourceTree = "<group>";
		};
		286B19102517BF3F00D30546 /* CustomModifiers */ = {
			isa = PBXGroup;
			children = (
			);
			path = CustomModifiers;
			sourceTree = "<group>";
		};
		286B19112517C04100D30546 /* Constants */ = {
			isa = PBXGroup;
			children = (
				286B19172517C06A00D30546 /* DeviceAttributesCo.swift */,
				286B191C2517C08300D30546 /* ReuseIdentifiersCo.swift */,
				286B19122517C05900D30546 /* UserDefaultsCo.swift */,
			);
			path = Constants;
			sourceTree = "<group>";
		};
		286B19352517C5CC00D30546 /* Animations */ = {
			isa = PBXGroup;
			children = (
				286B19392517C5E000D30546 /* PulseAn.swift */,
			);
			path = Animations;
			sourceTree = "<group>";
		};
		286B193E2517C5F900D30546 /* Plists */ = {
			isa = PBXGroup;
			children = (
				286B188B2517B7E400D30546 /* Info.plist */,
			);
			path = Plists;
			sourceTree = "<group>";
		};
/* End PBXGroup section */

/* Begin PBXNativeTarget section */
		286B187E2517B7E400D30546 /* DrinkingGames */ = {
			isa = PBXNativeTarget;
			buildConfigurationList = 286B18A42517B7E500D30546 /* Build configuration list for PBXNativeTarget "DrinkingGames" */;
			buildPhases = (
				286B187B2517B7E400D30546 /* Sources */,
				286B187C2517B7E400D30546 /* Frameworks */,
				286B187D2517B7E400D30546 /* Resources */,
			);
			buildRules = (
			);
			dependencies = (
			);
			name = DrinkingGames;
			productName = DrinkingGames;
			productReference = 286B187F2517B7E400D30546 /* DrinkingGames.app */;
			productType = "com.apple.product-type.application";
		};
		286B188F2517B7E500D30546 /* DrinkingGamesTests */ = {
			isa = PBXNativeTarget;
			buildConfigurationList = 286B18A72517B7E500D30546 /* Build configuration list for PBXNativeTarget "DrinkingGamesTests" */;
			buildPhases = (
				286B188C2517B7E500D30546 /* Sources */,
				286B188D2517B7E500D30546 /* Frameworks */,
				286B188E2517B7E500D30546 /* Resources */,
			);
			buildRules = (
			);
			dependencies = (
				286B18922517B7E500D30546 /* PBXTargetDependency */,
			);
			name = DrinkingGamesTests;
			productName = DrinkingGamesTests;
			productReference = 286B18902517B7E500D30546 /* DrinkingGamesTests.xctest */;
			productType = "com.apple.product-type.bundle.unit-test";
		};
		286B189A2517B7E500D30546 /* DrinkingGamesUITests */ = {
			isa = PBXNativeTarget;
			buildConfigurationList = 286B18AA2517B7E500D30546 /* Build configuration list for PBXNativeTarget "DrinkingGamesUITests" */;
			buildPhases = (
				286B18972517B7E500D30546 /* Sources */,
				286B18982517B7E500D30546 /* Frameworks */,
				286B18992517B7E500D30546 /* Resources */,
			);
			buildRules = (
			);
			dependencies = (
				286B189D2517B7E500D30546 /* PBXTargetDependency */,
			);
			name = DrinkingGamesUITests;
			productName = DrinkingGamesUITests;
			productReference = 286B189B2517B7E500D30546 /* DrinkingGamesUITests.xctest */;
			productType = "com.apple.product-type.bundle.ui-testing";
		};
/* End PBXNativeTarget section */

/* Begin PBXProject section */
		286B18772517B7E400D30546 /* Project object */ = {
			isa = PBXProject;
			attributes = {
				LastSwiftUpdateCheck = 1200;
				LastUpgradeCheck = 1200;
				TargetAttributes = {
					286B187E2517B7E400D30546 = {
						CreatedOnToolsVersion = 12.0;
					};
					286B188F2517B7E500D30546 = {
						CreatedOnToolsVersion = 12.0;
						TestTargetID = 286B187E2517B7E400D30546;
					};
					286B189A2517B7E500D30546 = {
						CreatedOnToolsVersion = 12.0;
						TestTargetID = 286B187E2517B7E400D30546;
					};
				};
			};
			buildConfigurationList = 286B187A2517B7E400D30546 /* Build configuration list for PBXProject "DrinkingGames" */;
			compatibilityVersion = "Xcode 9.3";
			developmentRegion = en;
			hasScannedForEncodings = 0;
			knownRegions = (
				en,
				Base,
			);
			mainGroup = 286B18762517B7E400D30546;
			productRefGroup = 286B18802517B7E400D30546 /* Products */;
			projectDirPath = "";
			projectRoot = "";
			targets = (
				286B187E2517B7E400D30546 /* DrinkingGames */,
				286B188F2517B7E500D30546 /* DrinkingGamesTests */,
				286B189A2517B7E500D30546 /* DrinkingGamesUITests */,
			);
		};
/* End PBXProject section */

/* Begin PBXResourcesBuildPhase section */
		286B187D2517B7E400D30546 /* Resources */ = {
			isa = PBXResourcesBuildPhase;
			buildActionMask = 2147483647;
			files = (
				286B188A2517B7E400D30546 /* Preview Assets.xcassets in Resources */,
				286B18872517B7E400D30546 /* Assets.xcassets in Resources */,
			);
			runOnlyForDeploymentPostprocessing = 0;
		};
		286B188E2517B7E500D30546 /* Resources */ = {
			isa = PBXResourcesBuildPhase;
			buildActionMask = 2147483647;
			files = (
			);
			runOnlyForDeploymentPostprocessing = 0;
		};
		286B18992517B7E500D30546 /* Resources */ = {
			isa = PBXResourcesBuildPhase;
			buildActionMask = 2147483647;
			files = (
			);
			runOnlyForDeploymentPostprocessing = 0;
		};
/* End PBXResourcesBuildPhase section */

/* Begin PBXSourcesBuildPhase section */
		286B187B2517B7E400D30546 /* Sources */ = {
			isa = PBXSourcesBuildPhase;
			buildActionMask = 2147483647;
			files = (
				286B190C2517BEE200D30546 /* NeverMindModeEn.swift in Sources */,
				286B18FA2517BE1400D30546 /* NeverMindGameEn.swift in Sources */,
				286B19182517C06A00D30546 /* DeviceAttributesCo.swift in Sources */,
				286B18E72517BD9600D30546 /* FontsEn.swift in Sources */,
				286B18C02517B9FF00D30546 /* ButtonActionDelegate.swift in Sources */,
				286B18FF2517BE3500D30546 /* NeverMindRoundEn.swift in Sources */,
				286B18CF2517BAC600D30546 /* AnchorEx.swift in Sources */,
				286B18B32517B9BB00D30546 /* ReturnPlayerManagerDelegate.swift in Sources */,
				286B193A2517C5E000D30546 /* PulseAn.swift in Sources */,
				286B18DD2517BBAF00D30546 /* ColorsEn.swift in Sources */,
				286B18C92517BA7600D30546 /* PlayerManager.swift in Sources */,
				286B19072517BEA600D30546 /* LanguagesEn.swift in Sources */,
				286B18BB2517B9DB00D30546 /* LangSelectionDelegate.swift in Sources */,
				286B18852517B7E400D30546 /* ContentView.swift in Sources */,
				286B18832517B7E400D30546 /* DrinkingGamesApp.swift in Sources */,
				286B191D2517C08300D30546 /* ReuseIdentifiersCo.swift in Sources */,
				286B18E22517BD2A00D30546 /* DevicesEn.swift in Sources */,
				286B19132517C05900D30546 /* UserDefaultsCo.swift in Sources */,
				286B18F42517BDD200D30546 /* FortuneWheelEn.swift in Sources */,
				286B18D72517BB6400D30546 /* UIViewEx.swift in Sources */,
			);
			runOnlyForDeploymentPostprocessing = 0;
		};
		286B188C2517B7E500D30546 /* Sources */ = {
			isa = PBXSourcesBuildPhase;
			buildActionMask = 2147483647;
			files = (
				286B18952517B7E500D30546 /* DrinkingGamesTests.swift in Sources */,
			);
			runOnlyForDeploymentPostprocessing = 0;
		};
		286B18972517B7E500D30546 /* Sources */ = {
			isa = PBXSourcesBuildPhase;
			buildActionMask = 2147483647;
			files = (
				286B18A02517B7E500D30546 /* DrinkingGamesUITests.swift in Sources */,
			);
			runOnlyForDeploymentPostprocessing = 0;
		};
/* End PBXSourcesBuildPhase section */

/* Begin PBXTargetDependency section */
		286B18922517B7E500D30546 /* PBXTargetDependency */ = {
			isa = PBXTargetDependency;
			target = 286B187E2517B7E400D30546 /* DrinkingGames */;
			targetProxy = 286B18912517B7E500D30546 /* PBXContainerItemProxy */;
		};
		286B189D2517B7E500D30546 /* PBXTargetDependency */ = {
			isa = PBXTargetDependency;
			target = 286B187E2517B7E400D30546 /* DrinkingGames */;
			targetProxy = 286B189C2517B7E500D30546 /* PBXContainerItemProxy */;
		};
/* End PBXTargetDependency section */

/* Begin XCBuildConfiguration section */
		286B18A22517B7E500D30546 /* Debug */ = {
			isa = XCBuildConfiguration;
			buildSettings = {
				ALWAYS_SEARCH_USER_PATHS = NO;
				CLANG_ANALYZER_NONNULL = YES;
				CLANG_ANALYZER_NUMBER_OBJECT_CONVERSION = YES_AGGRESSIVE;
				CLANG_CXX_LANGUAGE_STANDARD = "gnu++14";
				CLANG_CXX_LIBRARY = "libc++";
				CLANG_ENABLE_MODULES = YES;
				CLANG_ENABLE_OBJC_ARC = YES;
				CLANG_ENABLE_OBJC_WEAK = YES;
				CLANG_WARN_BLOCK_CAPTURE_AUTORELEASING = YES;
				CLANG_WARN_BOOL_CONVERSION = YES;
				CLANG_WARN_COMMA = YES;
				CLANG_WARN_CONSTANT_CONVERSION = YES;
				CLANG_WARN_DEPRECATED_OBJC_IMPLEMENTATIONS = YES;
				CLANG_WARN_DIRECT_OBJC_ISA_USAGE = YES_ERROR;
				CLANG_WARN_DOCUMENTATION_COMMENTS = YES;
				CLANG_WARN_EMPTY_BODY = YES;
				CLANG_WARN_ENUM_CONVERSION = YES;
				CLANG_WARN_INFINITE_RECURSION = YES;
				CLANG_WARN_INT_CONVERSION = YES;
				CLANG_WARN_NON_LITERAL_NULL_CONVERSION = YES;
				CLANG_WARN_OBJC_IMPLICIT_RETAIN_SELF = YES;
				CLANG_WARN_OBJC_LITERAL_CONVERSION = YES;
				CLANG_WARN_OBJC_ROOT_CLASS = YES_ERROR;
				CLANG_WARN_QUOTED_INCLUDE_IN_FRAMEWORK_HEADER = YES;
				CLANG_WARN_RANGE_LOOP_ANALYSIS = YES;
				CLANG_WARN_STRICT_PROTOTYPES = YES;
				CLANG_WARN_SUSPICIOUS_MOVE = YES;
				CLANG_WARN_UNGUARDED_AVAILABILITY = YES_AGGRESSIVE;
				CLANG_WARN_UNREACHABLE_CODE = YES;
				CLANG_WARN__DUPLICATE_METHOD_MATCH = YES;
				COPY_PHASE_STRIP = NO;
				DEBUG_INFORMATION_FORMAT = dwarf;
				ENABLE_STRICT_OBJC_MSGSEND = YES;
				ENABLE_TESTABILITY = YES;
				GCC_C_LANGUAGE_STANDARD = gnu11;
				GCC_DYNAMIC_NO_PIC = NO;
				GCC_NO_COMMON_BLOCKS = YES;
				GCC_OPTIMIZATION_LEVEL = 0;
				GCC_PREPROCESSOR_DEFINITIONS = (
					"DEBUG=1",
					"$(inherited)",
				);
				GCC_WARN_64_TO_32_BIT_CONVERSION = YES;
				GCC_WARN_ABOUT_RETURN_TYPE = YES_ERROR;
				GCC_WARN_UNDECLARED_SELECTOR = YES;
				GCC_WARN_UNINITIALIZED_AUTOS = YES_AGGRESSIVE;
				GCC_WARN_UNUSED_FUNCTION = YES;
				GCC_WARN_UNUSED_VARIABLE = YES;
				IPHONEOS_DEPLOYMENT_TARGET = 14.0;
				MTL_ENABLE_DEBUG_INFO = INCLUDE_SOURCE;
				MTL_FAST_MATH = YES;
				ONLY_ACTIVE_ARCH = YES;
				SDKROOT = iphoneos;
				SWIFT_ACTIVE_COMPILATION_CONDITIONS = DEBUG;
				SWIFT_OPTIMIZATION_LEVEL = "-Onone";
			};
			name = Debug;
		};
		286B18A32517B7E500D30546 /* Release */ = {
			isa = XCBuildConfiguration;
			buildSettings = {
				ALWAYS_SEARCH_USER_PATHS = NO;
				CLANG_ANALYZER_NONNULL = YES;
				CLANG_ANALYZER_NUMBER_OBJECT_CONVERSION = YES_AGGRESSIVE;
				CLANG_CXX_LANGUAGE_STANDARD = "gnu++14";
				CLANG_CXX_LIBRARY = "libc++";
				CLANG_ENABLE_MODULES = YES;
				CLANG_ENABLE_OBJC_ARC = YES;
				CLANG_ENABLE_OBJC_WEAK = YES;
				CLANG_WARN_BLOCK_CAPTURE_AUTORELEASING = YES;
				CLANG_WARN_BOOL_CONVERSION = YES;
				CLANG_WARN_COMMA = YES;
				CLANG_WARN_CONSTANT_CONVERSION = YES;
				CLANG_WARN_DEPRECATED_OBJC_IMPLEMENTATIONS = YES;
				CLANG_WARN_DIRECT_OBJC_ISA_USAGE = YES_ERROR;
				CLANG_WARN_DOCUMENTATION_COMMENTS = YES;
				CLANG_WARN_EMPTY_BODY = YES;
				CLANG_WARN_ENUM_CONVERSION = YES;
				CLANG_WARN_INFINITE_RECURSION = YES;
				CLANG_WARN_INT_CONVERSION = YES;
				CLANG_WARN_NON_LITERAL_NULL_CONVERSION = YES;
				CLANG_WARN_OBJC_IMPLICIT_RETAIN_SELF = YES;
				CLANG_WARN_OBJC_LITERAL_CONVERSION = YES;
				CLANG_WARN_OBJC_ROOT_CLASS = YES_ERROR;
				CLANG_WARN_QUOTED_INCLUDE_IN_FRAMEWORK_HEADER = YES;
				CLANG_WARN_RANGE_LOOP_ANALYSIS = YES;
				CLANG_WARN_STRICT_PROTOTYPES = YES;
				CLANG_WARN_SUSPICIOUS_MOVE = YES;
				CLANG_WARN_UNGUARDED_AVAILABILITY = YES_AGGRESSIVE;
				CLANG_WARN_UNREACHABLE_CODE = YES;
				CLANG_WARN__DUPLICATE_METHOD_MATCH = YES;
				COPY_PHASE_STRIP = NO;
				DEBUG_INFORMATION_FORMAT = "dwarf-with-dsym";
				ENABLE_NS_ASSERTIONS = NO;
				ENABLE_STRICT_OBJC_MSGSEND = YES;
				GCC_C_LANGUAGE_STANDARD = gnu11;
				GCC_NO_COMMON_BLOCKS = YES;
				GCC_WARN_64_TO_32_BIT_CONVERSION = YES;
				GCC_WARN_ABOUT_RETURN_TYPE = YES_ERROR;
				GCC_WARN_UNDECLARED_SELECTOR = YES;
				GCC_WARN_UNINITIALIZED_AUTOS = YES_AGGRESSIVE;
				GCC_WARN_UNUSED_FUNCTION = YES;
				GCC_WARN_UNUSED_VARIABLE = YES;
				IPHONEOS_DEPLOYMENT_TARGET = 14.0;
				MTL_ENABLE_DEBUG_INFO = NO;
				MTL_FAST_MATH = YES;
				SDKROOT = iphoneos;
				SWIFT_COMPILATION_MODE = wholemodule;
				SWIFT_OPTIMIZATION_LEVEL = "-O";
				VALIDATE_PRODUCT = YES;
			};
			name = Release;
		};
		286B18A52517B7E500D30546 /* Debug */ = {
			isa = XCBuildConfiguration;
			buildSettings = {
				ASSETCATALOG_COMPILER_APPICON_NAME = AppIcon;
				ASSETCATALOG_COMPILER_GLOBAL_ACCENT_COLOR_NAME = AccentColor;
				CODE_SIGN_STYLE = Automatic;
				DEVELOPMENT_ASSET_PATHS = "\"DrinkingGames/Preview Content\"";
				DEVELOPMENT_TEAM = 7ZYADN2CP6;
				ENABLE_PREVIEWS = YES;
				INFOPLIST_FILE = "$(SRCROOT)/DrinkingGames/Resources/Plists/Info.plist";
				IPHONEOS_DEPLOYMENT_TARGET = 14.0;
				LD_RUNPATH_SEARCH_PATHS = (
					"$(inherited)",
					"@executable_path/Frameworks",
				);
				PRODUCT_BUNDLE_IDENTIFIER = com.bapir.DrinkingGames;
				PRODUCT_NAME = "$(TARGET_NAME)";
				SWIFT_VERSION = 5.0;
				TARGETED_DEVICE_FAMILY = "1,2";
			};
			name = Debug;
		};
		286B18A62517B7E500D30546 /* Release */ = {
			isa = XCBuildConfiguration;
			buildSettings = {
				ASSETCATALOG_COMPILER_APPICON_NAME = AppIcon;
				ASSETCATALOG_COMPILER_GLOBAL_ACCENT_COLOR_NAME = AccentColor;
				CODE_SIGN_STYLE = Automatic;
				DEVELOPMENT_ASSET_PATHS = "\"DrinkingGames/Preview Content\"";
				DEVELOPMENT_TEAM = 7ZYADN2CP6;
				ENABLE_PREVIEWS = YES;
				INFOPLIST_FILE = "$(SRCROOT)/DrinkingGames/Resources/Plists/Info.plist";
				IPHONEOS_DEPLOYMENT_TARGET = 14.0;
				LD_RUNPATH_SEARCH_PATHS = (
					"$(inherited)",
					"@executable_path/Frameworks",
				);
				PRODUCT_BUNDLE_IDENTIFIER = com.bapir.DrinkingGames;
				PRODUCT_NAME = "$(TARGET_NAME)";
				SWIFT_VERSION = 5.0;
				TARGETED_DEVICE_FAMILY = "1,2";
			};
			name = Release;
		};
		286B18A82517B7E500D30546 /* Debug */ = {
			isa = XCBuildConfiguration;
			buildSettings = {
				ALWAYS_EMBED_SWIFT_STANDARD_LIBRARIES = YES;
				BUNDLE_LOADER = "$(TEST_HOST)";
				CODE_SIGN_STYLE = Automatic;
				DEVELOPMENT_TEAM = 7ZYADN2CP6;
				INFOPLIST_FILE = DrinkingGamesTests/Info.plist;
				IPHONEOS_DEPLOYMENT_TARGET = 14.0;
				LD_RUNPATH_SEARCH_PATHS = (
					"$(inherited)",
					"@executable_path/Frameworks",
					"@loader_path/Frameworks",
				);
				PRODUCT_BUNDLE_IDENTIFIER = com.bapir.DrinkingGamesTests;
				PRODUCT_NAME = "$(TARGET_NAME)";
				SWIFT_VERSION = 5.0;
				TARGETED_DEVICE_FAMILY = "1,2";
				TEST_HOST = "$(BUILT_PRODUCTS_DIR)/DrinkingGames.app/DrinkingGames";
			};
			name = Debug;
		};
		286B18A92517B7E500D30546 /* Release */ = {
			isa = XCBuildConfiguration;
			buildSettings = {
				ALWAYS_EMBED_SWIFT_STANDARD_LIBRARIES = YES;
				BUNDLE_LOADER = "$(TEST_HOST)";
				CODE_SIGN_STYLE = Automatic;
				DEVELOPMENT_TEAM = 7ZYADN2CP6;
				INFOPLIST_FILE = DrinkingGamesTests/Info.plist;
				IPHONEOS_DEPLOYMENT_TARGET = 14.0;
				LD_RUNPATH_SEARCH_PATHS = (
					"$(inherited)",
					"@executable_path/Frameworks",
					"@loader_path/Frameworks",
				);
				PRODUCT_BUNDLE_IDENTIFIER = com.bapir.DrinkingGamesTests;
				PRODUCT_NAME = "$(TARGET_NAME)";
				SWIFT_VERSION = 5.0;
				TARGETED_DEVICE_FAMILY = "1,2";
				TEST_HOST = "$(BUILT_PRODUCTS_DIR)/DrinkingGames.app/DrinkingGames";
			};
			name = Release;
		};
		286B18AB2517B7E500D30546 /* Debug */ = {
			isa = XCBuildConfiguration;
			buildSettings = {
				ALWAYS_EMBED_SWIFT_STANDARD_LIBRARIES = YES;
				CODE_SIGN_STYLE = Automatic;
				DEVELOPMENT_TEAM = 7ZYADN2CP6;
				INFOPLIST_FILE = DrinkingGamesUITests/Info.plist;
				LD_RUNPATH_SEARCH_PATHS = (
					"$(inherited)",
					"@executable_path/Frameworks",
					"@loader_path/Frameworks",
				);
				PRODUCT_BUNDLE_IDENTIFIER = com.bapir.DrinkingGamesUITests;
				PRODUCT_NAME = "$(TARGET_NAME)";
				SWIFT_VERSION = 5.0;
				TARGETED_DEVICE_FAMILY = "1,2";
				TEST_TARGET_NAME = DrinkingGames;
			};
			name = Debug;
		};
		286B18AC2517B7E500D30546 /* Release */ = {
			isa = XCBuildConfiguration;
			buildSettings = {
				ALWAYS_EMBED_SWIFT_STANDARD_LIBRARIES = YES;
				CODE_SIGN_STYLE = Automatic;
				DEVELOPMENT_TEAM = 7ZYADN2CP6;
				INFOPLIST_FILE = DrinkingGamesUITests/Info.plist;
				LD_RUNPATH_SEARCH_PATHS = (
					"$(inherited)",
					"@executable_path/Frameworks",
					"@loader_path/Frameworks",
				);
				PRODUCT_BUNDLE_IDENTIFIER = com.bapir.DrinkingGamesUITests;
				PRODUCT_NAME = "$(TARGET_NAME)";
				SWIFT_VERSION = 5.0;
				TARGETED_DEVICE_FAMILY = "1,2";
				TEST_TARGET_NAME = DrinkingGames;
			};
			name = Release;
		};
/* End XCBuildConfiguration section */

/* Begin XCConfigurationList section */
		286B187A2517B7E400D30546 /* Build configuration list for PBXProject "DrinkingGames" */ = {
			isa = XCConfigurationList;
			buildConfigurations = (
				286B18A22517B7E500D30546 /* Debug */,
				286B18A32517B7E500D30546 /* Release */,
			);
			defaultConfigurationIsVisible = 0;
			defaultConfigurationName = Release;
		};
		286B18A42517B7E500D30546 /* Build configuration list for PBXNativeTarget "DrinkingGames" */ = {
			isa = XCConfigurationList;
			buildConfigurations = (
				286B18A52517B7E500D30546 /* Debug */,
				286B18A62517B7E500D30546 /* Release */,
			);
			defaultConfigurationIsVisible = 0;
			defaultConfigurationName = Release;
		};
		286B18A72517B7E500D30546 /* Build configuration list for PBXNativeTarget "DrinkingGamesTests" */ = {
			isa = XCConfigurationList;
			buildConfigurations = (
				286B18A82517B7E500D30546 /* Debug */,
				286B18A92517B7E500D30546 /* Release */,
			);
			defaultConfigurationIsVisible = 0;
			defaultConfigurationName = Release;
		};
		286B18AA2517B7E500D30546 /* Build configuration list for PBXNativeTarget "DrinkingGamesUITests" */ = {
			isa = XCConfigurationList;
			buildConfigurations = (
				286B18AB2517B7E500D30546 /* Debug */,
				286B18AC2517B7E500D30546 /* Release */,
			);
			defaultConfigurationIsVisible = 0;
			defaultConfigurationName = Release;
		};
/* End XCConfigurationList section */
	};
	rootObject = 286B18772517B7E400D30546 /* Project object */;
}
